
Microsoft Visual Studio Solution File, Format Version 12.00
# Visual Studio 15
Project("{FAE04EC0-301F-11D3-BF4B-00C04F79EFBC}") = "Assembly-CSharp", "Assembly-CSharp.csproj", "{0A0B36E3-9327-5ECE-79D7-AFBF22FD0BB2}"
EndProject
Project("{FAE04EC0-301F-11D3-BF4B-00C04F79EFBC}") = "Assembly-CSharp-firstpass", "Assembly-CSharp-firstpass.csproj", "{5656C05F-27F8-76E1-7810-1B8E743965B0}"
EndProject
Project("{FAE04EC0-301F-11D3-BF4B-00C04F79EFBC}") = "Assembly-CSharp-Editor-firstpass", "Assembly-CSharp-Editor-firstpass.csproj", "{06ACFBB7-FDFF-A972-C9C9-C425E765A3AE}"
EndProject
Project("{FAE04EC0-301F-11D3-BF4B-00C04F79EFBC}") = "Assembly-CSharp-Editor", "Assembly-CSharp-Editor.csproj", "{D7D86352-A4C0-9A20-068C-14A875F244B6}"
EndProject
Global
	GlobalSection(SolutionConfigurationPlatforms) = preSolution
		Debug|Any CPU = Debug|Any CPU
		Release|Any CPU = Release|Any CPU
	EndGlobalSection
	GlobalSection(ProjectConfigurationPlatforms) = postSolution
		{0A0B36E3-9327-5ECE-79D7-AFBF22FD0BB2}.Debug|Any CPU.ActiveCfg = Debug|Any CPU
		{0A0B36E3-9327-5ECE-79D7-AFBF22FD0BB2}.Debug|Any CPU.Build.0 = Debug|Any CPU
		{0A0B36E3-9327-5ECE-79D7-AFBF22FD0BB2}.Release|Any CPU.ActiveCfg = Release|Any CPU
		{0A0B36E3-9327-5ECE-79D7-AFBF22FD0BB2}.Release|Any CPU.Build.0 = Release|Any CPU
		{5656C05F-27F8-76E1-7810-1B8E743965B0}.Debug|Any CPU.ActiveCfg = Debug|Any CPU
		{5656C05F-27F8-76E1-7810-1B8E743965B0}.Debug|Any CPU.Build.0 = Debug|Any CPU
		{5656C05F-27F8-76E1-7810-1B8E743965B0}.Release|Any CPU.ActiveCfg = Release|Any CPU
		{5656C05F-27F8-76E1-7810-1B8E743965B0}.Release|Any CPU.Build.0 = Release|Any CPU
		{06ACFBB7-FDFF-A972-C9C9-C425E765A3AE}.Debug|Any CPU.ActiveCfg = Debug|Any CPU
		{06ACFBB7-FDFF-A972-C9C9-C425E765A3AE}.Debug|Any CPU.Build.0 = Debug|Any CPU
		{06ACFBB7-FDFF-A972-C9C9-C425E765A3AE}.Release|Any CPU.ActiveCfg = Release|Any CPU
		{06ACFBB7-FDFF-A972-C9C9-C425E765A3AE}.Release|Any CPU.Build.0 = Release|Any CPU
		{D7D86352-A4C0-9A20-068C-14A875F244B6}.Debug|Any CPU.ActiveCfg = Debug|Any CPU
		{D7D86352-A4C0-9A20-068C-14A875F244B6}.Debug|Any CPU.Build.0 = Debug|Any CPU
		{D7D86352-A4C0-9A20-068C-14A875F244B6}.Release|Any CPU.ActiveCfg = Release|Any CPU
		{D7D86352-A4C0-9A20-068C-14A875F244B6}.Release|Any CPU.Build.0 = Release|Any CPU
	EndGlobalSection
	GlobalSection(SolutionProperties) = preSolution
		HideSolutionNode = FALSE
	EndGlobalSection
EndGlobal
